
Microsoft Visual Studio Solution File, Format Version 12.00
# Visual Studio Version 16
VisualStudioVersion = 16.0.808.10
MinimumVisualStudioVersion = 10.0.40219.1
Project("{FAE04EC0-301F-11D3-BF4B-00C04F79EFBC}") = "FirebaseAuthTest.Android", "FirebaseAuthTest.Android\FirebaseAuthTest.Android.csproj", "{450E18C9-8130-48C4-843C-FB69624547CA}"
EndProject
Project("{FAE04EC0-301F-11D3-BF4B-00C04F79EFBC}") = "FirebaseAuthTest.iOS", "FirebaseAuthTest.iOS\FirebaseAuthTest.iOS.csproj", "{4F0397DA-7140-4628-BFF8-622FBA03084C}"
EndProject
Project("{FAE04EC0-301F-11D3-BF4B-00C04F79EFBC}") = "FirebaseAuthTest", "FirebaseAuthTest\FirebaseAuthTest.csproj", "{B70AC9E3-C026-4357-92B5-AF91F09717DC}"
EndProject
Global
	GlobalSection(SolutionConfigurationPlatforms) = preSolution
		Debug|Any CPU = Debug|Any CPU
		Release|Any CPU = Release|Any CPU
		Debug|iPhoneSimulator = Debug|iPhoneSimulator
		Release|iPhoneSimulator = Release|iPhoneSimulator
		Debug|iPhone = Debug|iPhone
		Release|iPhone = Release|iPhone
	EndGlobalSection
	GlobalSection(ProjectConfigurationPlatforms) = postSolution
		{450E18C9-8130-48C4-843C-FB69624547CA}.Debug|Any CPU.ActiveCfg = Debug|Any CPU
		{450E18C9-8130-48C4-843C-FB69624547CA}.Debug|Any CPU.Build.0 = Debug|Any CPU
		{450E18C9-8130-48C4-843C-FB69624547CA}.Release|Any CPU.ActiveCfg = Release|Any CPU
		{450E18C9-8130-48C4-843C-FB69624547CA}.Release|Any CPU.Build.0 = Release|Any CPU
		{450E18C9-8130-48C4-843C-FB69624547CA}.Debug|iPhoneSimulator.ActiveCfg = Debug|Any CPU
		{450E18C9-8130-48C4-843C-FB69624547CA}.Debug|iPhoneSimulator.Build.0 = Debug|Any CPU
		{450E18C9-8130-48C4-843C-FB69624547CA}.Release|iPhoneSimulator.ActiveCfg = Release|Any CPU
		{450E18C9-8130-48C4-843C-FB69624547CA}.Release|iPhoneSimulator.Build.0 = Release|Any CPU
		{450E18C9-8130-48C4-843C-FB69624547CA}.Debug|iPhone.ActiveCfg = Debug|Any CPU
		{450E18C9-8130-48C4-843C-FB69624547CA}.Debug|iPhone.Build.0 = Debug|Any CPU
		{450E18C9-8130-48C4-843C-FB69624547CA}.Release|iPhone.ActiveCfg = Release|Any CPU
		{450E18C9-8130-48C4-843C-FB69624547CA}.Release|iPhone.Build.0 = Release|Any CPU
		{4F0397DA-7140-4628-BFF8-622FBA03084C}.Debug|Any CPU.ActiveCfg = Debug|iPhoneSimulator
		{4F0397DA-7140-4628-BFF8-622FBA03084C}.Debug|Any CPU.Build.0 = Debug|iPhoneSimulator
		{4F0397DA-7140-4628-BFF8-622FBA03084C}.Release|Any CPU.ActiveCfg = Release|iPhoneSimulator
		{4F0397DA-7140-4628-BFF8-622FBA03084C}.Release|Any CPU.Build.0 = Release|iPhoneSimulator
		{4F0397DA-7140-4628-BFF8-622FBA03084C}.Debug|iPhoneSimulator.ActiveCfg = Debug|iPhoneSimulator
		{4F0397DA-7140-4628-BFF8-622FBA03084C}.Debug|iPhoneSimulator.Build.0 = Debug|iPhoneSimulator
		{4F0397DA-7140-4628-BFF8-622FBA03084C}.Release|iPhoneSimulator.ActiveCfg = Release|iPhoneSimulator
		{4F0397DA-7140-4628-BFF8-622FBA03084C}.Release|iPhoneSimulator.Build.0 = Release|iPhoneSimulator
		{4F0397DA-7140-4628-BFF8-622FBA03084C}.Debug|iPhone.ActiveCfg = Debug|iPhone
		{4F0397DA-7140-4628-BFF8-622FBA03084C}.Debug|iPhone.Build.0 = Debug|iPhone
		{4F0397DA-7140-4628-BFF8-622FBA03084C}.Release|iPhone.ActiveCfg = Release|iPhone
		{4F0397DA-7140-4628-BFF8-622FBA03084C}.Release|iPhone.Build.0 = Release|iPhone
		{B70AC9E3-C026-4357-92B5-AF91F09717DC}.Debug|Any CPU.ActiveCfg = Debug|Any CPU
		{B70AC9E3-C026-4357-92B5-AF91F09717DC}.Debug|Any CPU.Build.0 = Debug|Any CPU
		{B70AC9E3-C026-4357-92B5-AF91F09717DC}.Release|Any CPU.ActiveCfg = Release|Any CPU
		{B70AC9E3-C026-4357-92B5-AF91F09717DC}.Release|Any CPU.Build.0 = Release|Any CPU
		{B70AC9E3-C026-4357-92B5-AF91F09717DC}.Debug|iPhoneSimulator.ActiveCfg = Debug|Any CPU
		{B70AC9E3-C026-4357-92B5-AF91F09717DC}.Debug|iPhoneSimulator.Build.0 = Debug|Any CPU
		{B70AC9E3-C026-4357-92B5-AF91F09717DC}.Release|iPhoneSimulator.ActiveCfg = Release|Any CPU
		{B70AC9E3-C026-4357-92B5-AF91F09717DC}.Release|iPhoneSimulator.Build.0 = Release|Any CPU
		{B70AC9E3-C026-4357-92B5-AF91F09717DC}.Debug|iPhone.ActiveCfg = Debug|Any CPU
		{B70AC9E3-C026-4357-92B5-AF91F09717DC}.Debug|iPhone.Build.0 = Debug|Any CPU
		{B70AC9E3-C026-4357-92B5-AF91F09717DC}.Release|iPhone.ActiveCfg = Release|Any CPU
		{B70AC9E3-C026-4357-92B5-AF91F09717DC}.Release|iPhone.Build.0 = Release|Any CPU
	EndGlobalSection
	GlobalSection(SolutionProperties) = preSolution
		HideSolutionNode = FALSE
	EndGlobalSection
	GlobalSection(ExtensibilityGlobals) = postSolution
		SolutionGuid = {BF2A4460-2280-4570-9492-CEED834C8F42}
	EndGlobalSection
EndGlobal
